{
    "_meta": {
        "hash": {
            "sha256": "34be8c385c0a0af2640c24647d6ca93643d7671b9add7b3fca6c2276c40c2ddf"
        },
        "pipfile-spec": 6,
        "requires": {
            "python_version": "3.9"
        },
        "sources": [
            {
                "name": "pypi",
                "url": "https://pypi.org/simple",
                "verify_ssl": true
            }
        ]
    },
    "default": {
        "click": {
            "hashes": [
                "sha256:7682dc8afb30297001674575ea00d1814d808d6a36af415a82bd481d37ba7b8e",
                "sha256:bb4d8133cb15a609f44e8213d9b391b0809795062913b383c62be0ee95b1db48"
            ],
            "markers": "python_version >= '3.7'",
            "version": "==8.1.3"
        },
        "flask": {
            "hashes": [
                "sha256:c4dd4a3d8fcae9f892e3f61edfbb1d3cdf9ac03dc72ea1bf8d5c6c964a669674",
                "sha256:e4c69910f6a096cc57e4ee45b7ba9afafdcad4cc571db6eb97d5bd01b95422ea"
            ],
            "index": "pypi",
            "version": "==2.1.0"
        },
        "flask-wtf": {
            "hashes": [
                "sha256:34fe5c6fee0f69b50e30f81a3b7ea16aa1492a771fe9ad0974d164610c09a6c9",
                "sha256:9d733658c80be551ce7d5bc13c7a7ac0d80df509be1e23827c847d9520f4359a"
            ],
            "index": "pypi",
            "version": "==1.0.1"
        },
        "importlib-metadata": {
            "hashes": [
                "sha256:5d26852efe48c0a32b0509ffbc583fda1a2266545a78d104a6f4aff3db17d700",
                "sha256:c58c8eb8a762858f49e18436ff552e83914778e50e9d2f1660535ffb364552ec"
            ],
            "markers": "python_version < '3.10'",
            "version": "==4.11.4"
        },
        "itsdangerous": {
            "hashes": [
                "sha256:2c2349112351b88699d8d4b6b075022c0808887cb7ad10069318a8b0bc88db44",
                "sha256:5dbbc68b317e5e42f327f9021763545dc3fc3bfe22e6deb96aaf1fc38874156a"
            ],
            "markers": "python_version >= '3.7'",
            "version": "==2.1.2"
        },
        "jinja2": {
            "hashes": [
                "sha256:31351a702a408a9e7595a8fc6150fc3f43bb6bf7e319770cbc0db9df9437e852",
                "sha256:6088930bfe239f0e6710546ab9c19c9ef35e29792895fed6e6e31a023a182a61"
            ],
            "markers": "python_version >= '3.7'",
            "version": "==3.1.2"
        },
        "joblib": {
            "hashes": [
                "sha256:4158fcecd13733f8be669be0683b96ebdbbd38d23559f54dca7205aea1bf1e35",
                "sha256:f21f109b3c7ff9d95f8387f752d0d9c34a02aa2f7060c2135f465da0e5160ff6"
            ],
            "markers": "python_version >= '3.6'",
            "version": "==1.1.0"
        },
        "markupsafe": {
            "hashes": [
                "sha256:0212a68688482dc52b2d45013df70d169f542b7394fc744c02a57374a4207003",
                "sha256:089cf3dbf0cd6c100f02945abeb18484bd1ee57a079aefd52cffd17fba910b88",
                "sha256:10c1bfff05d95783da83491be968e8fe789263689c02724e0c691933c52994f5",
                "sha256:33b74d289bd2f5e527beadcaa3f401e0df0a89927c1559c8566c066fa4248ab7",
                "sha256:3799351e2336dc91ea70b034983ee71cf2f9533cdff7c14c90ea126bfd95d65a",
                "sha256:3ce11ee3f23f79dbd06fb3d63e2f6af7b12db1d46932fe7bd8afa259a5996603",
                "sha256:421be9fbf0ffe9ffd7a378aafebbf6f4602d564d34be190fc19a193232fd12b1",
                "sha256:43093fb83d8343aac0b1baa75516da6092f58f41200907ef92448ecab8825135",
                "sha256:46d00d6cfecdde84d40e572d63735ef81423ad31184100411e6e3388d405e247",
                "sha256:4a33dea2b688b3190ee12bd7cfa29d39c9ed176bda40bfa11099a3ce5d3a7ac6",
                "sha256:4b9fe39a2ccc108a4accc2676e77da025ce383c108593d65cc909add5c3bd601",
                "sha256:56442863ed2b06d19c37f94d999035e15ee982988920e12a5b4ba29b62ad1f77",
                "sha256:671cd1187ed5e62818414afe79ed29da836dde67166a9fac6d435873c44fdd02",
                "sha256:694deca8d702d5db21ec83983ce0bb4b26a578e71fbdbd4fdcd387daa90e4d5e",
                "sha256:6a074d34ee7a5ce3effbc526b7083ec9731bb3cbf921bbe1d3005d4d2bdb3a63",
                "sha256:6d0072fea50feec76a4c418096652f2c3238eaa014b2f94aeb1d56a66b41403f",
                "sha256:6fbf47b5d3728c6aea2abb0589b5d30459e369baa772e0f37a0320185e87c980",
                "sha256:7f91197cc9e48f989d12e4e6fbc46495c446636dfc81b9ccf50bb0ec74b91d4b",
                "sha256:86b1f75c4e7c2ac2ccdaec2b9022845dbb81880ca318bb7a0a01fbf7813e3812",
                "sha256:8dc1c72a69aa7e082593c4a203dcf94ddb74bb5c8a731e4e1eb68d031e8498ff",
                "sha256:8e3dcf21f367459434c18e71b2a9532d96547aef8a871872a5bd69a715c15f96",
                "sha256:8e576a51ad59e4bfaac456023a78f6b5e6e7651dcd383bcc3e18d06f9b55d6d1",
                "sha256:96e37a3dc86e80bf81758c152fe66dbf60ed5eca3d26305edf01892257049925",
                "sha256:97a68e6ada378df82bc9f16b800ab77cbf4b2fada0081794318520138c088e4a",
                "sha256:99a2a507ed3ac881b975a2976d59f38c19386d128e7a9a18b7df6fff1fd4c1d6",
                "sha256:a49907dd8420c5685cfa064a1335b6754b74541bbb3706c259c02ed65b644b3e",
                "sha256:b09bf97215625a311f669476f44b8b318b075847b49316d3e28c08e41a7a573f",
                "sha256:b7bd98b796e2b6553da7225aeb61f447f80a1ca64f41d83612e6139ca5213aa4",
                "sha256:b87db4360013327109564f0e591bd2a3b318547bcef31b468a92ee504d07ae4f",
                "sha256:bcb3ed405ed3222f9904899563d6fc492ff75cce56cba05e32eff40e6acbeaa3",
                "sha256:d4306c36ca495956b6d568d276ac11fdd9c30a36f1b6eb928070dc5360b22e1c",
                "sha256:d5ee4f386140395a2c818d149221149c54849dfcfcb9f1debfe07a8b8bd63f9a",
                "sha256:dda30ba7e87fbbb7eab1ec9f58678558fd9a6b8b853530e176eabd064da81417",
                "sha256:e04e26803c9c3851c931eac40c695602c6295b8d432cbe78609649ad9bd2da8a",
                "sha256:e1c0b87e09fa55a220f058d1d49d3fb8df88fbfab58558f1198e08c1e1de842a",
                "sha256:e72591e9ecd94d7feb70c1cbd7be7b3ebea3f548870aa91e2732960fa4d57a37",
                "sha256:e8c843bbcda3a2f1e3c2ab25913c80a3c5376cd00c6e8c4a86a89a28c8dc5452",
                "sha256:efc1913fd2ca4f334418481c7e595c00aad186563bbc1ec76067848c7ca0a933",
                "sha256:f121a1420d4e173a5d96e47e9a0c0dcff965afdf1626d28de1460815f7c4ee7a",
                "sha256:fc7b548b17d238737688817ab67deebb30e8073c95749d55538ed473130ec0c7"
            ],
            "markers": "python_version >= '3.7'",
            "version": "==2.1.1"
        },
        "numpy": {
            "hashes": [
                "sha256:0cfe07133fd00b27edee5e6385e333e9eeb010607e8a46e1cd673f05f8596595",
                "sha256:11a1f3816ea82eed4178102c56281782690ab5993251fdfd75039aad4d20385f",
                "sha256:2762331de395739c91f1abb88041f94a080cb1143aeec791b3b223976228af3f",
                "sha256:283d9de87c0133ef98f93dfc09fad3fb382f2a15580de75c02b5bb36a5a159a5",
                "sha256:3d22662b4b10112c545c91a0741f2436f8ca979ab3d69d03d19322aa970f9695",
                "sha256:41388e32e40b41dd56eb37fcaa7488b2b47b0adf77c66154d6b89622c110dfe9",
                "sha256:42c16cec1c8cf2728f1d539bd55aaa9d6bb48a7de2f41eb944697293ef65a559",
                "sha256:47ee7a839f5885bc0c63a74aabb91f6f40d7d7b639253768c4199b37aede7982",
                "sha256:5a311ee4d983c487a0ab546708edbdd759393a3dc9cd30305170149fedd23c88",
                "sha256:5dc65644f75a4c2970f21394ad8bea1a844104f0fe01f278631be1c7eae27226",
                "sha256:6ed0d073a9c54ac40c41a9c2d53fcc3d4d4ed607670b9e7b0de1ba13b4cbfe6f",
                "sha256:76ba7c40e80f9dc815c5e896330700fd6e20814e69da9c1267d65a4d051080f1",
                "sha256:818b9be7900e8dc23e013a92779135623476f44a0de58b40c32a15368c01d471",
                "sha256:a024181d7aef0004d76fb3bce2a4c9f2e67a609a9e2a6ff2571d30e9976aa383",
                "sha256:a955e4128ac36797aaffd49ab44ec74a71c11d6938df83b1285492d277db5397",
                "sha256:a97a954a8c2f046d3817c2bce16e3c7e9a9c2afffaf0400f5c16df5172a67c9c",
                "sha256:a97e82c39d9856fe7d4f9b86d8a1e66eff99cf3a8b7ba48202f659703d27c46f",
                "sha256:b55b953a1bdb465f4dc181758570d321db4ac23005f90ffd2b434cc6609a63dd",
                "sha256:bb02929b0d6bfab4c48a79bd805bd7419114606947ec8284476167415171f55b",
                "sha256:bece0a4a49e60e472a6d1f70ac6cdea00f9ab80ff01132f96bd970cdd8a9e5a9",
                "sha256:e41e8951749c4b5c9a2dc5fdbc1a4eec6ab2a140fdae9b460b0f557eed870f4d",
                "sha256:f71d57cc8645f14816ae249407d309be250ad8de93ef61d9709b45a0ddf4050c"
            ],
            "index": "pypi",
            "version": "==1.22.0"
        },
        "prometheus-client": {
            "hashes": [
                "sha256:522fded625282822a89e2773452f42df14b5a8e84a86433e3f8a189c1d54dc01",
                "sha256:5459c427624961076277fdc6dc50540e2bacb98eebde99886e59ec55ed92093a"
            ],
            "markers": "python_version >= '3.6'",
            "version": "==0.14.1"
        },
        "prometheus-flask-exporter": {
            "hashes": [
                "sha256:26fe7de6a627705a374f34170dd8f2d963e809eeeedf7afd658350acbbb530f6"
            ],
            "index": "pypi",
            "version": "==0.18.0"
        },
        "scikit-learn": {
            "hashes": [
                "sha256:038f4e9d6ef10e1f3fe82addc3a14735c299866eb10f2c77c090410904828312",
                "sha256:06ffdcaaf81e2a3b1b50c3ac6842cfb13df2d8b737d61f64643ed61da7389cde",
                "sha256:0e71ce9c7cbc20f6f8b860107ce15114da26e8675238b4b82b7e7cd37ca0c087",
                "sha256:1eec963fe9ffc827442c2e9333227c4d49749a44e592f305398c1db5c1563393",
                "sha256:2754c85b2287333f9719db7f23fb7e357f436deed512db3417a02bf6f2830aa5",
                "sha256:2db429090b98045d71218a9ba913cc9b3fe78e0ba0b6b647d8748bc6d5a44080",
                "sha256:39b7e3b71bcb1fe46397185d6c1a5db1c441e71c23c91a31e7ad8cc3f7305f9a",
                "sha256:3cbd734e1aefc7c5080e6b6973fe062f97c26a1cdf1a991037ca196ce1c8f427",
                "sha256:40556bea1ef26ef54bc678d00cf138a63069144a0b5f3a436eecd8f3468b903e",
                "sha256:48f273836e19901ba2beecd919f7b352f09310ce67c762f6e53bc6b81cacf1f0",
                "sha256:49ec0b1361da328da9bb7f1a162836028e72556356adeb53342f8fae6b450d47",
                "sha256:4e6198675a6f9d333774671bd536668680eea78e2e81c0b19e57224f58d17f37",
                "sha256:5beaeb091071625e83f5905192d8aecde65ba2f26f8b6719845bbf586f7a04a1",
                "sha256:5ff3e4e4cf7592d36541edec434e09fb8ab9ba6b47608c4ffe30c9038d301897",
                "sha256:62214d2954377fcf3f31ec867dd4e436df80121e7a32947a0b3244f58f45e455",
                "sha256:7be1b88c23cfac46e06404582215a917017cd2edaa2e4d40abe6aaff5458f24b",
                "sha256:8fac72b9688176922f9f54fda1ba5f7ffd28cbeb9aad282760186e8ceba9139a",
                "sha256:90a297330f608adeb4d2e9786c6fda395d3150739deb3d42a86d9a4c2d15bc1d",
                "sha256:a2a47449093dcf70babc930beba2ca0423cb7df2fa5fd76be5260703d67fa574",
                "sha256:ae19ac105cf7ce8c205a46166992fdec88081d6e783ab6e38ecfbe45729f3c39",
                "sha256:ae426e3a52842c6b6d77d00f906b6031c8c2cfdfabd6af7511bb4bc9a68d720e",
                "sha256:cbdb0b3db99dd1d5f69d31b4234367d55475add31df4d84a3bd690ef017b55e2",
                "sha256:cdf24c1b9bbeb4936456b42ac5bd32c60bb194a344951acb6bfb0cddee5439a4",
                "sha256:d14701a12417930392cd3898e9646cf5670c190b933625ebe7511b1f7d7b8736",
                "sha256:d177fe1ff47cc235942d628d41ee5b1c6930d8f009f1a451c39b5411e8d0d4cf",
                "sha256:d5bf9c863ba4717b3917b5227463ee06860fc43931dc9026747de416c0a10fee",
                "sha256:dd968a174aa82f3341a615a033fa6a8169e9320cbb46130686562db132d7f1f0",
                "sha256:f0ed4483c258fb23150e31b91ea7d25ff8495dba108aea0b0d4206a777705350",
                "sha256:f18c3ed484eeeaa43a0d45dc2efb4d00fc6542ccdcfa2c45d7b635096a2ae534",
                "sha256:f1d2108e770907540b5248977e4cff9ffaf0f73d0d13445ee938df06ca7579c6",
                "sha256:f3ec00f023d84526381ad0c0f2cff982852d035c921bbf8ceb994f4886c00c64",
                "sha256:f74429a07fedb36a03c159332b914e6de757176064f9fed94b5f79ebac07d913",
                "sha256:fec42690a2eb646b384eafb021c425fab48991587edb412d4db77acc358b27ce"
            ],
            "index": "pypi",
            "version": "==0.24.2"
        },
        "scipy": {
            "hashes": [
                "sha256:0c8a51d33556bf70367452d4d601d1742c0e806cd0194785914daf19775f0e67",
                "sha256:0e5b0ccf63155d90da576edd2768b66fb276446c371b73841e3503be1d63fb5d",
                "sha256:2481efbb3740977e3c831edfd0bd9867be26387cacf24eb5e366a6a374d3d00d",
                "sha256:33d6b7df40d197bdd3049d64e8e680227151673465e5d85723b3b8f6b15a6ced",
                "sha256:5da5471aed911fe7e52b86bf9ea32fb55ae93e2f0fac66c32e58897cfb02fa07",
                "sha256:5f331eeed0297232d2e6eea51b54e8278ed8bb10b099f69c44e2558c090d06bf",
                "sha256:5fa9c6530b1661f1370bcd332a1e62ca7881785cc0f80c0d559b636567fab63c",
                "sha256:6725e3fbb47da428794f243864f2297462e9ee448297c93ed1dcbc44335feb78",
                "sha256:68cb4c424112cd4be886b4d979c5497fba190714085f46b8ae67a5e4416c32b4",
                "sha256:794e768cc5f779736593046c9714e0f3a5940bc6dcc1dba885ad64cbfb28e9f0",
                "sha256:83bf7c16245c15bc58ee76c5418e46ea1811edcc2e2b03041b804e46084ab627",
                "sha256:8e403a337749ed40af60e537cc4d4c03febddcc56cd26e774c9b1b600a70d3e4",
                "sha256:a15a1f3fc0abff33e792d6049161b7795909b40b97c6cc2934ed54384017ab76",
                "sha256:a423533c55fec61456dedee7b6ee7dce0bb6bfa395424ea374d25afa262be261",
                "sha256:a5193a098ae9f29af283dcf0041f762601faf2e595c0db1da929875b7570353f",
                "sha256:bd50daf727f7c195e26f27467c85ce653d41df4358a25b32434a50d8870fc519",
                "sha256:c4fceb864890b6168e79b0e714c585dbe2fd4222768ee90bc1aa0f8218691b11",
                "sha256:e79570979ccdc3d165456dd62041d9556fb9733b86b4b6d818af7a0afc15f092",
                "sha256:f46dd15335e8a320b0fb4685f58b7471702234cba8bb3442b69a3e1dc329c345"
            ],
            "index": "pypi",
            "version": "==1.6.1"
        },
        "threadpoolctl": {
            "hashes": [
                "sha256:8b99adda265feb6773280df41eece7b2e6561b772d21ffd52e372f999024907b",
                "sha256:a335baacfaa4400ae1f0d8e3a58d6674d2f8828e3716bb2802c44955ad391380"
            ],
            "markers": "python_version >= '3.6'",
            "version": "==3.1.0"
        },
        "werkzeug": {
            "hashes": [
                "sha256:1ce08e8093ed67d638d63879fd1ba3735817f7a80de3674d293f5984f25fb6e6",
                "sha256:72a4b735692dd3135217911cbeaa1be5fa3f62bffb8745c5215420a03dc55255"
            ],
            "markers": "python_version >= '3.7'",
            "version": "==2.1.2"
        },
        "wtforms": {
            "hashes": [
                "sha256:6b351bbb12dd58af57ffef05bc78425d08d1914e0fd68ee14143b7ade023c5bc",
                "sha256:837f2f0e0ca79481b92884962b914eba4e72b7a2daaf1f939c890ed0124b834b"
            ],
            "markers": "python_version >= '3.7'",
            "version": "==3.0.1"
        },
        "zipp": {
            "hashes": [
                "sha256:56bf8aadb83c24db6c4b577e13de374ccfb67da2078beba1d037c17980bf43ad",
                "sha256:c4f6e5bbf48e74f7a38e7cc5b0480ff42b0ae5178957d564d18932525d5cf099"
            ],
            "markers": "python_version >= '3.7'",
            "version": "==3.8.0"
        }
    },
    "develop": {}
}
